// !$*UTF8*$!
{
	archiveVersion = 1;
	classes = {
	};
	objectVersion = 46;
	objects = {

/* Begin PBXBuildFile section */
		ED54156917E8445B00FCDA45 /* AboutPageViewController.m in Sources */ = {isa = PBXBuildFile; fileRef = ED54155117E8445B00FCDA45 /* AboutPageViewController.m */; };
		ED54156A17E8445B00FCDA45 /* AppDelegate.m in Sources */ = {isa = PBXBuildFile; fileRef = ED54155417E8445B00FCDA45 /* AppDelegate.m */; };
		ED54156B17E8445B00FCDA45 /* issFacts.m in Sources */ = {isa = PBXBuildFile; fileRef = ED54155717E8445B00FCDA45 /* issFacts.m */; };
		ED54156C17E8445B00FCDA45 /* issAnnotationView.m in Sources */ = {isa = PBXBuildFile; fileRef = ED54155A17E8445B00FCDA45 /* issAnnotationView.m */; };
		ED54156D17E8445B00FCDA45 /* MapViewController.m in Sources */ = {isa = PBXBuildFile; fileRef = ED54155C17E8445B00FCDA45 /* MapViewController.m */; };
		ED54156E17E8445B00FCDA45 /* MyAnnotation.m in Sources */ = {isa = PBXBuildFile; fileRef = ED54155E17E8445B00FCDA45 /* MyAnnotation.m */; };
		ED54156F17E8445B00FCDA45 /* main.m in Sources */ = {isa = PBXBuildFile; fileRef = ED54155F17E8445B00FCDA45 /* main.m */; };
		ED54157017E8445B00FCDA45 /* Reachability.m in Sources */ = {isa = PBXBuildFile; fileRef = ED54156217E8445B00FCDA45 /* Reachability.m */; };
		ED54157117E8445B00FCDA45 /* ReachabilityAppDelegate.m in Sources */ = {isa = PBXBuildFile; fileRef = ED54156417E8445B00FCDA45 /* ReachabilityAppDelegate.m */; };
		ED54157217E8445B00FCDA45 /* MainStoryboard.storyboard in Resources */ = {isa = PBXBuildFile; fileRef = ED54156617E8445B00FCDA45 /* MainStoryboard.storyboard */; };
		ED54157317E8445B00FCDA45 /* ViewController.m in Sources */ = {isa = PBXBuildFile; fileRef = ED54156817E8445B00FCDA45 /* ViewController.m */; };
		ED54157517E8463B00FCDA45 /* SystemConfiguration.framework in Frameworks */ = {isa = PBXBuildFile; fileRef = ED54157417E8463B00FCDA45 /* SystemConfiguration.framework */; };
		ED7B7BA0171C0A35000A382B /* MapKit.framework in Frameworks */ = {isa = PBXBuildFile; fileRef = ED7B7B9F171C0A35000A382B /* MapKit.framework */; };
		ED7B7BBF171E92E6000A382B /* Social.framework in Frameworks */ = {isa = PBXBuildFile; fileRef = ED7B7BBE171E92E6000A382B /* Social.framework */; };
		ED7FEEC5180F9B8F00237DA3 /* GoogleMaps.framework in Frameworks */ = {isa = PBXBuildFile; fileRef = ED7FEEC4180F9B8F00237DA3 /* GoogleMaps.framework */; };
		ED7FEEC7180F9BFF00237DA3 /* AVFoundation.framework in Frameworks */ = {isa = PBXBuildFile; fileRef = ED7FEEC6180F9BFF00237DA3 /* AVFoundation.framework */; };
		ED7FEEC9180F9C0B00237DA3 /* CoreData.framework in Frameworks */ = {isa = PBXBuildFile; fileRef = ED7FEEC8180F9C0B00237DA3 /* CoreData.framework */; };
		ED864512180F9C7F00ED78B9 /* CoreText.framework in Frameworks */ = {isa = PBXBuildFile; fileRef = ED864511180F9C7F00ED78B9 /* CoreText.framework */; };
		ED864514180F9C8900ED78B9 /* GLKit.framework in Frameworks */ = {isa = PBXBuildFile; fileRef = ED864513180F9C8900ED78B9 /* GLKit.framework */; };
		ED864516180F9C8F00ED78B9 /* ImageIO.framework in Frameworks */ = {isa = PBXBuildFile; fileRef = ED864515180F9C8F00ED78B9 /* ImageIO.framework */; };
		ED864518180F9CA000ED78B9 /* libc++.dylib in Frameworks */ = {isa = PBXBuildFile; fileRef = ED864517180F9CA000ED78B9 /* libc++.dylib */; };
		ED86451A180F9CB900ED78B9 /* libz.dylib in Frameworks */ = {isa = PBXBuildFile; fileRef = ED864519180F9CB900ED78B9 /* libz.dylib */; };
		ED86451C180F9CC600ED78B9 /* OpenGLES.framework in Frameworks */ = {isa = PBXBuildFile; fileRef = ED86451B180F9CC600ED78B9 /* OpenGLES.framework */; };
		ED86451E180F9CCC00ED78B9 /* QuartzCore.framework in Frameworks */ = {isa = PBXBuildFile; fileRef = ED86451D180F9CCC00ED78B9 /* QuartzCore.framework */; };
		ED864521180F9E9F00ED78B9 /* GoogleMapViewController.m in Sources */ = {isa = PBXBuildFile; fileRef = ED864520180F9E9F00ED78B9 /* GoogleMapViewController.m */; };
		ED864524180F9FFE00ED78B9 /* GoogleMaps.bundle in Resources */ = {isa = PBXBuildFile; fileRef = ED864523180F9FFE00ED78B9 /* GoogleMaps.bundle */; };
		EDB476B01816817D001BB110 /* chevron-left.png in Resources */ = {isa = PBXBuildFile; fileRef = EDB476A61816817D001BB110 /* chevron-left.png */; };
		EDB476B11816817D001BB110 /* di_whereiss_logo_120.png in Resources */ = {isa = PBXBuildFile; fileRef = EDB476A71816817D001BB110 /* di_whereiss_logo_120.png */; };
		EDB476B21816817D001BB110 /* di_whereiss_logo_58.png in Resources */ = {isa = PBXBuildFile; fileRef = EDB476A81816817D001BB110 /* di_whereiss_logo_58.png */; };
		EDB476B31816817D001BB110 /* di_whereiss_logo_80.png in Resources */ = {isa = PBXBuildFile; fileRef = EDB476A91816817D001BB110 /* di_whereiss_logo_80.png */; };
		EDB476B41816817D001BB110 /* dungeon_logo.png in Resources */ = {isa = PBXBuildFile; fileRef = EDB476AA1816817D001BB110 /* dungeon_logo.png */; };
		EDB476B51816817D001BB110 /* Dungeon_Logo_Square.jpg in Resources */ = {isa = PBXBuildFile; fileRef = EDB476AB1816817D001BB110 /* Dungeon_Logo_Square.jpg */; };
		EDB476B61816817D001BB110 /* iss.png in Resources */ = {isa = PBXBuildFile; fileRef = EDB476AC1816817D001BB110 /* iss.png */; };
		EDB476B71816817D001BB110 /* iss_app_icon.png in Resources */ = {isa = PBXBuildFile; fileRef = EDB476AD1816817D001BB110 /* iss_app_icon.png */; };
		EDB476B81816817D001BB110 /* iss_cartoon.png in Resources */ = {isa = PBXBuildFile; fileRef = EDB476AE1816817D001BB110 /* iss_cartoon.png */; };
		EDB476B91816817D001BB110 /* iss_pin.png in Resources */ = {isa = PBXBuildFile; fileRef = EDB476AF1816817D001BB110 /* iss_pin.png */; };
		EDC4BA35171BFDD900B78050 /* UIKit.framework in Frameworks */ = {isa = PBXBuildFile; fileRef = EDC4BA34171BFDD900B78050 /* UIKit.framework */; };
		EDC4BA37171BFDD900B78050 /* Foundation.framework in Frameworks */ = {isa = PBXBuildFile; fileRef = EDC4BA36171BFDD900B78050 /* Foundation.framework */; };
		EDC4BA39171BFDD900B78050 /* CoreGraphics.framework in Frameworks */ = {isa = PBXBuildFile; fileRef = EDC4BA38171BFDD900B78050 /* CoreGraphics.framework */; };
		EDC4BA3F171BFDD900B78050 /* InfoPlist.strings in Resources */ = {isa = PBXBuildFile; fileRef = EDC4BA3D171BFDD900B78050 /* InfoPlist.strings */; };
		EDC4BA47171BFDD900B78050 /* Default.png in Resources */ = {isa = PBXBuildFile; fileRef = EDC4BA46171BFDD900B78050 /* Default.png */; };
		EDC4BA49171BFDD900B78050 /* Default@2x.png in Resources */ = {isa = PBXBuildFile; fileRef = EDC4BA48171BFDD900B78050 /* Default@2x.png */; };
		EDC4BA4B171BFDD900B78050 /* Default-568h@2x.png in Resources */ = {isa = PBXBuildFile; fileRef = EDC4BA4A171BFDD900B78050 /* Default-568h@2x.png */; };
		EDFE53F11721370900F8E8FD /* CoreLocation.framework in Frameworks */ = {isa = PBXBuildFile; fileRef = EDFE53F01721370900F8E8FD /* CoreLocation.framework */; };
/* End PBXBuildFile section */

/* Begin PBXFileReference section */
		ED54155017E8445B00FCDA45 /* AboutPageViewController.h */ = {isa = PBXFileReference; fileEncoding = 4; lastKnownFileType = sourcecode.c.h; path = AboutPageViewController.h; sourceTree = "<group>"; };
		ED54155117E8445B00FCDA45 /* AboutPageViewController.m */ = {isa = PBXFileReference; fileEncoding = 4; lastKnownFileType = sourcecode.c.objc; path = AboutPageViewController.m; sourceTree = "<group>"; };
		ED54155317E8445B00FCDA45 /* AppDelegate.h */ = {isa = PBXFileReference; fileEncoding = 4; lastKnownFileType = sourcecode.c.h; path = AppDelegate.h; sourceTree = "<group>"; };
		ED54155417E8445B00FCDA45 /* AppDelegate.m */ = {isa = PBXFileReference; fileEncoding = 4; lastKnownFileType = sourcecode.c.objc; path = AppDelegate.m; sourceTree = "<group>"; };
		ED54155617E8445B00FCDA45 /* issFacts.h */ = {isa = PBXFileReference; fileEncoding = 4; lastKnownFileType = sourcecode.c.h; path = issFacts.h; sourceTree = "<group>"; };
		ED54155717E8445B00FCDA45 /* issFacts.m */ = {isa = PBXFileReference; fileEncoding = 4; lastKnownFileType = sourcecode.c.objc; path = issFacts.m; sourceTree = "<group>"; };
		ED54155917E8445B00FCDA45 /* issAnnotationView.h */ = {isa = PBXFileReference; fileEncoding = 4; lastKnownFileType = sourcecode.c.h; path = issAnnotationView.h; sourceTree = "<group>"; };
		ED54155A17E8445B00FCDA45 /* issAnnotationView.m */ = {isa = PBXFileReference; fileEncoding = 4; lastKnownFileType = sourcecode.c.objc; path = issAnnotationView.m; sourceTree = "<group>"; };
		ED54155B17E8445B00FCDA45 /* MapViewController.h */ = {isa = PBXFileReference; fileEncoding = 4; lastKnownFileType = sourcecode.c.h; path = MapViewController.h; sourceTree = "<group>"; };
		ED54155C17E8445B00FCDA45 /* MapViewController.m */ = {isa = PBXFileReference; fileEncoding = 4; lastKnownFileType = sourcecode.c.objc; path = MapViewController.m; sourceTree = "<group>"; };
		ED54155D17E8445B00FCDA45 /* MyAnnotation.h */ = {isa = PBXFileReference; fileEncoding = 4; lastKnownFileType = sourcecode.c.h; path = MyAnnotation.h; sourceTree = "<group>"; };
		ED54155E17E8445B00FCDA45 /* MyAnnotation.m */ = {isa = PBXFileReference; fileEncoding = 4; lastKnownFileType = sourcecode.c.objc; path = MyAnnotation.m; sourceTree = "<group>"; };
		ED54155F17E8445B00FCDA45 /* main.m */ = {isa = PBXFileReference; fileEncoding = 4; lastKnownFileType = sourcecode.c.objc; path = main.m; sourceTree = "<group>"; };
		ED54156117E8445B00FCDA45 /* Reachability.h */ = {isa = PBXFileReference; fileEncoding = 4; lastKnownFileType = sourcecode.c.h; path = Reachability.h; sourceTree = "<group>"; };
		ED54156217E8445B00FCDA45 /* Reachability.m */ = {isa = PBXFileReference; fileEncoding = 4; lastKnownFileType = sourcecode.c.objc; path = Reachability.m; sourceTree = "<group>"; };
		ED54156317E8445B00FCDA45 /* ReachabilityAppDelegate.h */ = {isa = PBXFileReference; fileEncoding = 4; lastKnownFileType = sourcecode.c.h; path = ReachabilityAppDelegate.h; sourceTree = "<group>"; };
		ED54156417E8445B00FCDA45 /* ReachabilityAppDelegate.m */ = {isa = PBXFileReference; fileEncoding = 4; lastKnownFileType = sourcecode.c.objc; path = ReachabilityAppDelegate.m; sourceTree = "<group>"; };
		ED54156617E8445B00FCDA45 /* MainStoryboard.storyboard */ = {isa = PBXFileReference; fileEncoding = 4; lastKnownFileType = file.storyboard; path = MainStoryboard.storyboard; sourceTree = "<group>"; };
		ED54156717E8445B00FCDA45 /* ViewController.h */ = {isa = PBXFileReference; fileEncoding = 4; lastKnownFileType = sourcecode.c.h; path = ViewController.h; sourceTree = "<group>"; };
		ED54156817E8445B00FCDA45 /* ViewController.m */ = {isa = PBXFileReference; fileEncoding = 4; lastKnownFileType = sourcecode.c.objc; path = ViewController.m; sourceTree = "<group>"; };
		ED54157417E8463B00FCDA45 /* SystemConfiguration.framework */ = {isa = PBXFileReference; lastKnownFileType = wrapper.framework; name = SystemConfiguration.framework; path = System/Library/Frameworks/SystemConfiguration.framework; sourceTree = SDKROOT; };
		ED7B7B9F171C0A35000A382B /* MapKit.framework */ = {isa = PBXFileReference; lastKnownFileType = wrapper.framework; name = MapKit.framework; path = System/Library/Frameworks/MapKit.framework; sourceTree = SDKROOT; };
		ED7B7BBE171E92E6000A382B /* Social.framework */ = {isa = PBXFileReference; lastKnownFileType = wrapper.framework; name = Social.framework; path = System/Library/Frameworks/Social.framework; sourceTree = SDKROOT; };
		ED7FEEC4180F9B8F00237DA3 /* GoogleMaps.framework */ = {isa = PBXFileReference; lastKnownFileType = wrapper.framework; name = GoogleMaps.framework; path = "SpotTheISS/GoogleMaps-iOS-1.5.0/GoogleMaps.framework"; sourceTree = "<group>"; };
		ED7FEEC6180F9BFF00237DA3 /* AVFoundation.framework */ = {isa = PBXFileReference; lastKnownFileType = wrapper.framework; name = AVFoundation.framework; path = System/Library/Frameworks/AVFoundation.framework; sourceTree = SDKROOT; };
		ED7FEEC8180F9C0B00237DA3 /* CoreData.framework */ = {isa = PBXFileReference; lastKnownFileType = wrapper.framework; name = CoreData.framework; path = System/Library/Frameworks/CoreData.framework; sourceTree = SDKROOT; };
		ED864511180F9C7F00ED78B9 /* CoreText.framework */ = {isa = PBXFileReference; lastKnownFileType = wrapper.framework; name = CoreText.framework; path = System/Library/Frameworks/CoreText.framework; sourceTree = SDKROOT; };
		ED864513180F9C8900ED78B9 /* GLKit.framework */ = {isa = PBXFileReference; lastKnownFileType = wrapper.framework; name = GLKit.framework; path = System/Library/Frameworks/GLKit.framework; sourceTree = SDKROOT; };
		ED864515180F9C8F00ED78B9 /* ImageIO.framework */ = {isa = PBXFileReference; lastKnownFileType = wrapper.framework; name = ImageIO.framework; path = System/Library/Frameworks/ImageIO.framework; sourceTree = SDKROOT; };
		ED864517180F9CA000ED78B9 /* libc++.dylib */ = {isa = PBXFileReference; lastKnownFileType = "compiled.mach-o.dylib"; name = "libc++.dylib"; path = "usr/lib/libc++.dylib"; sourceTree = SDKROOT; };
		ED864519180F9CB900ED78B9 /* libz.dylib */ = {isa = PBXFileReference; lastKnownFileType = "compiled.mach-o.dylib"; name = libz.dylib; path = usr/lib/libz.dylib; sourceTree = SDKROOT; };
		ED86451B180F9CC600ED78B9 /* OpenGLES.framework */ = {isa = PBXFileReference; lastKnownFileType = wrapper.framework; name = OpenGLES.framework; path = System/Library/Frameworks/OpenGLES.framework; sourceTree = SDKROOT; };
		ED86451D180F9CCC00ED78B9 /* QuartzCore.framework */ = {isa = PBXFileReference; lastKnownFileType = wrapper.framework; name = QuartzCore.framework; path = System/Library/Frameworks/QuartzCore.framework; sourceTree = SDKROOT; };
		ED86451F180F9E9F00ED78B9 /* GoogleMapViewController.h */ = {isa = PBXFileReference; fileEncoding = 4; lastKnownFileType = sourcecode.c.h; path = GoogleMapViewController.h; sourceTree = "<group>"; };
		ED864520180F9E9F00ED78B9 /* GoogleMapViewController.m */ = {isa = PBXFileReference; fileEncoding = 4; lastKnownFileType = sourcecode.c.objc; path = GoogleMapViewController.m; sourceTree = "<group>"; };
		ED864523180F9FFE00ED78B9 /* GoogleMaps.bundle */ = {isa = PBXFileReference; lastKnownFileType = "wrapper.plug-in"; name = GoogleMaps.bundle; path = "SpotTheISS/GoogleMaps-iOS-1.5.0/GoogleMaps.framework/Versions/A/Resources/GoogleMaps.bundle"; sourceTree = "<group>"; };
		EDB476A61816817D001BB110 /* chevron-left.png */ = {isa = PBXFileReference; lastKnownFileType = image.png; path = "chevron-left.png"; sourceTree = "<group>"; };
		EDB476A71816817D001BB110 /* di_whereiss_logo_120.png */ = {isa = PBXFileReference; lastKnownFileType = image.png; path = di_whereiss_logo_120.png; sourceTree = "<group>"; };
		EDB476A81816817D001BB110 /* di_whereiss_logo_58.png */ = {isa = PBXFileReference; lastKnownFileType = image.png; path = di_whereiss_logo_58.png; sourceTree = "<group>"; };
		EDB476A91816817D001BB110 /* di_whereiss_logo_80.png */ = {isa = PBXFileReference; lastKnownFileType = image.png; path = di_whereiss_logo_80.png; sourceTree = "<group>"; };
		EDB476AA1816817D001BB110 /* dungeon_logo.png */ = {isa = PBXFileReference; lastKnownFileType = image.png; path = dungeon_logo.png; sourceTree = "<group>"; };
		EDB476AB1816817D001BB110 /* Dungeon_Logo_Square.jpg */ = {isa = PBXFileReference; lastKnownFileType = image.jpeg; path = Dungeon_Logo_Square.jpg; sourceTree = "<group>"; };
		EDB476AC1816817D001BB110 /* iss.png */ = {isa = PBXFileReference; lastKnownFileType = image.png; path = iss.png; sourceTree = "<group>"; };
		EDB476AD1816817D001BB110 /* iss_app_icon.png */ = {isa = PBXFileReference; lastKnownFileType = image.png; path = iss_app_icon.png; sourceTree = "<group>"; };
		EDB476AE1816817D001BB110 /* iss_cartoon.png */ = {isa = PBXFileReference; lastKnownFileType = image.png; path = iss_cartoon.png; sourceTree = "<group>"; };
		EDB476AF1816817D001BB110 /* iss_pin.png */ = {isa = PBXFileReference; lastKnownFileType = image.png; path = iss_pin.png; sourceTree = "<group>"; };
		EDC4BA31171BFDD900B78050 /* SpotTheISS.app */ = {isa = PBXFileReference; explicitFileType = wrapper.application; includeInIndex = 0; path = SpotTheISS.app; sourceTree = BUILT_PRODUCTS_DIR; };
		EDC4BA34171BFDD900B78050 /* UIKit.framework */ = {isa = PBXFileReference; lastKnownFileType = wrapper.framework; name = UIKit.framework; path = System/Library/Frameworks/UIKit.framework; sourceTree = SDKROOT; };
		EDC4BA36171BFDD900B78050 /* Foundation.framework */ = {isa = PBXFileReference; lastKnownFileType = wrapper.framework; name = Foundation.framework; path = System/Library/Frameworks/Foundation.framework; sourceTree = SDKROOT; };
		EDC4BA38171BFDD900B78050 /* CoreGraphics.framework */ = {isa = PBXFileReference; lastKnownFileType = wrapper.framework; name = CoreGraphics.framework; path = System/Library/Frameworks/CoreGraphics.framework; sourceTree = SDKROOT; };
		EDC4BA3C171BFDD900B78050 /* SpotTheISS-Info.plist */ = {isa = PBXFileReference; lastKnownFileType = text.plist.xml; path = "SpotTheISS-Info.plist"; sourceTree = "<group>"; };
		EDC4BA3E171BFDD900B78050 /* en */ = {isa = PBXFileReference; lastKnownFileType = text.plist.strings; name = en; path = en.lproj/InfoPlist.strings; sourceTree = "<group>"; };
		EDC4BA42171BFDD900B78050 /* SpotTheISS-Prefix.pch */ = {isa = PBXFileReference; lastKnownFileType = sourcecode.c.h; path = "SpotTheISS-Prefix.pch"; sourceTree = "<group>"; };
		EDC4BA46171BFDD900B78050 /* Default.png */ = {isa = PBXFileReference; lastKnownFileType = image.png; path = Default.png; sourceTree = "<group>"; };
		EDC4BA48171BFDD900B78050 /* Default@2x.png */ = {isa = PBXFileReference; lastKnownFileType = image.png; path = "Default@2x.png"; sourceTree = "<group>"; };
		EDC4BA4A171BFDD900B78050 /* Default-568h@2x.png */ = {isa = PBXFileReference; lastKnownFileType = image.png; path = "Default-568h@2x.png"; sourceTree = "<group>"; };
		EDFE53F01721370900F8E8FD /* CoreLocation.framework */ = {isa = PBXFileReference; lastKnownFileType = wrapper.framework; name = CoreLocation.framework; path = System/Library/Frameworks/CoreLocation.framework; sourceTree = SDKROOT; };
/* End PBXFileReference section */

/* Begin PBXFrameworksBuildPhase section */
		EDC4BA2E171BFDD800B78050 /* Frameworks */ = {
			isa = PBXFrameworksBuildPhase;
			buildActionMask = 2147483647;
			files = (
				ED86451E180F9CCC00ED78B9 /* QuartzCore.framework in Frameworks */,
				ED86451C180F9CC600ED78B9 /* OpenGLES.framework in Frameworks */,
				ED86451A180F9CB900ED78B9 /* libz.dylib in Frameworks */,
				ED864518180F9CA000ED78B9 /* libc++.dylib in Frameworks */,
				ED864516180F9C8F00ED78B9 /* ImageIO.framework in Frameworks */,
				ED864514180F9C8900ED78B9 /* GLKit.framework in Frameworks */,
				ED864512180F9C7F00ED78B9 /* CoreText.framework in Frameworks */,
				ED7FEEC9180F9C0B00237DA3 /* CoreData.framework in Frameworks */,
				ED7FEEC7180F9BFF00237DA3 /* AVFoundation.framework in Frameworks */,
				ED54157517E8463B00FCDA45 /* SystemConfiguration.framework in Frameworks */,
				EDFE53F11721370900F8E8FD /* CoreLocation.framework in Frameworks */,
				ED7B7BBF171E92E6000A382B /* Social.framework in Frameworks */,
				ED7B7BA0171C0A35000A382B /* MapKit.framework in Frameworks */,
				EDC4BA35171BFDD900B78050 /* UIKit.framework in Frameworks */,
				EDC4BA37171BFDD900B78050 /* Foundation.framework in Frameworks */,
				ED7FEEC5180F9B8F00237DA3 /* GoogleMaps.framework in Frameworks */,
				EDC4BA39171BFDD900B78050 /* CoreGraphics.framework in Frameworks */,
			);
			runOnlyForDeploymentPostprocessing = 0;
		};
/* End PBXFrameworksBuildPhase section */

/* Begin PBXGroup section */
		ED3F814D1720303B00AD872A /* Resources */ = {
			isa = PBXGroup;
			children = (
				EDB476A51816817D001BB110 /* Images */,
			);
			path = Resources;
			sourceTree = "<group>";
		};
		ED54154E17E8445B00FCDA45 /* Classes */ = {
			isa = PBXGroup;
			children = (
				ED54154F17E8445B00FCDA45 /* AboutPage */,
				ED54155217E8445B00FCDA45 /* AppDelegate */,
				ED54155517E8445B00FCDA45 /* ISSFacts */,
				ED54155817E8445B00FCDA45 /* ISSLocationTracking */,
				ED54155F17E8445B00FCDA45 /* main.m */,
				ED54156017E8445B00FCDA45 /* Reachability */,
				ED54156517E8445B00FCDA45 /* Storyboard */,
				ED54156717E8445B00FCDA45 /* ViewController.h */,
				ED54156817E8445B00FCDA45 /* ViewController.m */,
			);
			path = Classes;
			sourceTree = "<group>";
		};
		ED54154F17E8445B00FCDA45 /* AboutPage */ = {
			isa = PBXGroup;
			children = (
				ED54155017E8445B00FCDA45 /* AboutPageViewController.h */,
				ED54155117E8445B00FCDA45 /* AboutPageViewController.m */,
			);
			path = AboutPage;
			sourceTree = "<group>";
		};
		ED54155217E8445B00FCDA45 /* AppDelegate */ = {
			isa = PBXGroup;
			children = (
				ED54155317E8445B00FCDA45 /* AppDelegate.h */,
				ED54155417E8445B00FCDA45 /* AppDelegate.m */,
			);
			path = AppDelegate;
			sourceTree = "<group>";
		};
		ED54155517E8445B00FCDA45 /* ISSFacts */ = {
			isa = PBXGroup;
			children = (
				ED54155617E8445B00FCDA45 /* issFacts.h */,
				ED54155717E8445B00FCDA45 /* issFacts.m */,
			);
			path = ISSFacts;
			sourceTree = "<group>";
		};
		ED54155817E8445B00FCDA45 /* ISSLocationTracking */ = {
			isa = PBXGroup;
			children = (
				ED54155917E8445B00FCDA45 /* issAnnotationView.h */,
				ED54155A17E8445B00FCDA45 /* issAnnotationView.m */,
				ED54155B17E8445B00FCDA45 /* MapViewController.h */,
				ED54155C17E8445B00FCDA45 /* MapViewController.m */,
				ED54155D17E8445B00FCDA45 /* MyAnnotation.h */,
				ED54155E17E8445B00FCDA45 /* MyAnnotation.m */,
				ED86451F180F9E9F00ED78B9 /* GoogleMapViewController.h */,
				ED864520180F9E9F00ED78B9 /* GoogleMapViewController.m */,
			);
			path = ISSLocationTracking;
			sourceTree = "<group>";
		};
		ED54156017E8445B00FCDA45 /* Reachability */ = {
			isa = PBXGroup;
			children = (
				ED54156117E8445B00FCDA45 /* Reachability.h */,
				ED54156217E8445B00FCDA45 /* Reachability.m */,
				ED54156317E8445B00FCDA45 /* ReachabilityAppDelegate.h */,
				ED54156417E8445B00FCDA45 /* ReachabilityAppDelegate.m */,
			);
			path = Reachability;
			sourceTree = "<group>";
		};
		ED54156517E8445B00FCDA45 /* Storyboard */ = {
			isa = PBXGroup;
			children = (
				ED54156617E8445B00FCDA45 /* MainStoryboard.storyboard */,
			);
			path = Storyboard;
			sourceTree = "<group>";
		};
		EDB476A51816817D001BB110 /* Images */ = {
			isa = PBXGroup;
			children = (
				EDB476A61816817D001BB110 /* chevron-left.png */,
				EDB476A71816817D001BB110 /* di_whereiss_logo_120.png */,
				EDB476A81816817D001BB110 /* di_whereiss_logo_58.png */,
				EDB476A91816817D001BB110 /* di_whereiss_logo_80.png */,
				EDB476AA1816817D001BB110 /* dungeon_logo.png */,
				EDB476AB1816817D001BB110 /* Dungeon_Logo_Square.jpg */,
				EDB476AC1816817D001BB110 /* iss.png */,
				EDB476AD1816817D001BB110 /* iss_app_icon.png */,
				EDB476AE1816817D001BB110 /* iss_cartoon.png */,
				EDB476AF1816817D001BB110 /* iss_pin.png */,
			);
			path = Images;
			sourceTree = "<group>";
		};
		EDC4BA28171BFDD800B78050 = {
			isa = PBXGroup;
			children = (
				EDC4BA3A171BFDD900B78050 /* SpotTheISS */,
				EDC4BA33171BFDD900B78050 /* Frameworks */,
				EDC4BA32171BFDD900B78050 /* Products */,
			);
			sourceTree = "<group>";
		};
		EDC4BA32171BFDD900B78050 /* Products */ = {
			isa = PBXGroup;
			children = (
				EDC4BA31171BFDD900B78050 /* SpotTheISS.app */,
			);
			name = Products;
			sourceTree = "<group>";
		};
		EDC4BA33171BFDD900B78050 /* Frameworks */ = {
			isa = PBXGroup;
			children = (
				ED864523180F9FFE00ED78B9 /* GoogleMaps.bundle */,
				ED86451D180F9CCC00ED78B9 /* QuartzCore.framework */,
				ED86451B180F9CC600ED78B9 /* OpenGLES.framework */,
				ED864519180F9CB900ED78B9 /* libz.dylib */,
				ED864517180F9CA000ED78B9 /* libc++.dylib */,
				ED864515180F9C8F00ED78B9 /* ImageIO.framework */,
				ED864513180F9C8900ED78B9 /* GLKit.framework */,
				ED864511180F9C7F00ED78B9 /* CoreText.framework */,
				ED7FEEC8180F9C0B00237DA3 /* CoreData.framework */,
				ED7FEEC6180F9BFF00237DA3 /* AVFoundation.framework */,
				ED7FEEC4180F9B8F00237DA3 /* GoogleMaps.framework */,
				ED54157417E8463B00FCDA45 /* SystemConfiguration.framework */,
				EDFE53F01721370900F8E8FD /* CoreLocation.framework */,
				ED7B7BBE171E92E6000A382B /* Social.framework */,
				ED7B7B9F171C0A35000A382B /* MapKit.framework */,
				EDC4BA34171BFDD900B78050 /* UIKit.framework */,
				EDC4BA36171BFDD900B78050 /* Foundation.framework */,
				EDC4BA38171BFDD900B78050 /* CoreGraphics.framework */,
			);
			name = Frameworks;
			sourceTree = "<group>";
		};
		EDC4BA3A171BFDD900B78050 /* SpotTheISS */ = {
			isa = PBXGroup;
			children = (
				ED54154E17E8445B00FCDA45 /* Classes */,
				ED3F814D1720303B00AD872A /* Resources */,
				EDC4BA3B171BFDD900B78050 /* Supporting Files */,
			);
			path = SpotTheISS;
			sourceTree = "<group>";
		};
		EDC4BA3B171BFDD900B78050 /* Supporting Files */ = {
			isa = PBXGroup;
			children = (
				EDC4BA3C171BFDD900B78050 /* SpotTheISS-Info.plist */,
				EDC4BA3D171BFDD900B78050 /* InfoPlist.strings */,
				EDC4BA42171BFDD900B78050 /* SpotTheISS-Prefix.pch */,
				EDC4BA46171BFDD900B78050 /* Default.png */,
				EDC4BA48171BFDD900B78050 /* Default@2x.png */,
				EDC4BA4A171BFDD900B78050 /* Default-568h@2x.png */,
			);
			name = "Supporting Files";
			sourceTree = "<group>";
		};
/* End PBXGroup section */

/* Begin PBXNativeTarget section */
		EDC4BA30171BFDD800B78050 /* SpotTheISS */ = {
			isa = PBXNativeTarget;
			buildConfigurationList = EDC4BA54171BFDD900B78050 /* Build configuration list for PBXNativeTarget "SpotTheISS" */;
			buildPhases = (
				EDC4BA2D171BFDD800B78050 /* Sources */,
				EDC4BA2E171BFDD800B78050 /* Frameworks */,
				EDC4BA2F171BFDD800B78050 /* Resources */,
			);
			buildRules = (
			);
			dependencies = (
			);
			name = SpotTheISS;
			productName = SpotTheISS;
			productReference = EDC4BA31171BFDD900B78050 /* SpotTheISS.app */;
			productType = "com.apple.product-type.application";
		};
/* End PBXNativeTarget section */

/* Begin PBXProject section */
		EDC4BA29171BFDD800B78050 /* Project object */ = {
			isa = PBXProject;
			attributes = {
				LastUpgradeCheck = 0460;
				ORGANIZATIONNAME = "Dungeon Innovations";
				TargetAttributes = {
					EDC4BA30171BFDD800B78050 = {
						DevelopmentTeam = 5LA3CGA6LP;
					};
				};
			};
			buildConfigurationList = EDC4BA2C171BFDD800B78050 /* Build configuration list for PBXProject "SpotTheISS" */;
			compatibilityVersion = "Xcode 3.2";
			developmentRegion = English;
			hasScannedForEncodings = 0;
			knownRegions = (
				en,
			);
			mainGroup = EDC4BA28171BFDD800B78050;
			productRefGroup = EDC4BA32171BFDD900B78050 /* Products */;
			projectDirPath = "";
			projectRoot = "";
			targets = (
				EDC4BA30171BFDD800B78050 /* SpotTheISS */,
			);
		};
/* End PBXProject section */

/* Begin PBXResourcesBuildPhase section */
		EDC4BA2F171BFDD800B78050 /* Resources */ = {
			isa = PBXResourcesBuildPhase;
			buildActionMask = 2147483647;
			files = (
				EDC4BA3F171BFDD900B78050 /* InfoPlist.strings in Resources */,
				EDC4BA47171BFDD900B78050 /* Default.png in Resources */,
				EDC4BA49171BFDD900B78050 /* Default@2x.png in Resources */,
				EDB476B91816817D001BB110 /* iss_pin.png in Resources */,
				EDB476B81816817D001BB110 /* iss_cartoon.png in Resources */,
				EDB476B61816817D001BB110 /* iss.png in Resources */,
				EDB476B21816817D001BB110 /* di_whereiss_logo_58.png in Resources */,
				EDB476B41816817D001BB110 /* dungeon_logo.png in Resources */,
				EDB476B11816817D001BB110 /* di_whereiss_logo_120.png in Resources */,
				EDB476B51816817D001BB110 /* Dungeon_Logo_Square.jpg in Resources */,
				EDB476B01816817D001BB110 /* chevron-left.png in Resources */,
				EDC4BA4B171BFDD900B78050 /* Default-568h@2x.png in Resources */,
				ED54157217E8445B00FCDA45 /* MainStoryboard.storyboard in Resources */,
				ED864524180F9FFE00ED78B9 /* GoogleMaps.bundle in Resources */,
				EDB476B71816817D001BB110 /* iss_app_icon.png in Resources */,
				EDB476B31816817D001BB110 /* di_whereiss_logo_80.png in Resources */,
			);
			runOnlyForDeploymentPostprocessing = 0;
		};
/* End PBXResourcesBuildPhase section */

/* Begin PBXSourcesBuildPhase section */
		EDC4BA2D171BFDD800B78050 /* Sources */ = {
			isa = PBXSourcesBuildPhase;
			buildActionMask = 2147483647;
			files = (
				ED864521180F9E9F00ED78B9 /* GoogleMapViewController.m in Sources */,
				ED54156917E8445B00FCDA45 /* AboutPageViewController.m in Sources */,
				ED54156A17E8445B00FCDA45 /* AppDelegate.m in Sources */,
				ED54156B17E8445B00FCDA45 /* issFacts.m in Sources */,
				ED54156C17E8445B00FCDA45 /* issAnnotationView.m in Sources */,
				ED54156D17E8445B00FCDA45 /* MapViewController.m in Sources */,
				ED54156E17E8445B00FCDA45 /* MyAnnotation.m in Sources */,
				ED54156F17E8445B00FCDA45 /* main.m in Sources */,
				ED54157017E8445B00FCDA45 /* Reachability.m in Sources */,
				ED54157117E8445B00FCDA45 /* ReachabilityAppDelegate.m in Sources */,
				ED54157317E8445B00FCDA45 /* ViewController.m in Sources */,
			);
			runOnlyForDeploymentPostprocessing = 0;
		};
/* End PBXSourcesBuildPhase section */

/* Begin PBXVariantGroup section */
		EDC4BA3D171BFDD900B78050 /* InfoPlist.strings */ = {
			isa = PBXVariantGroup;
			children = (
				EDC4BA3E171BFDD900B78050 /* en */,
			);
			name = InfoPlist.strings;
			sourceTree = "<group>";
		};
/* End PBXVariantGroup section */

/* Begin XCBuildConfiguration section */
		EDC4BA52171BFDD900B78050 /* Debug */ = {
			isa = XCBuildConfiguration;
			buildSettings = {
				ALWAYS_SEARCH_USER_PATHS = NO;
				CLANG_CXX_LANGUAGE_STANDARD = "gnu++0x";
				CLANG_CXX_LIBRARY = "libc++";
				CLANG_ENABLE_OBJC_ARC = YES;
				CLANG_WARN_CONSTANT_CONVERSION = YES;
				CLANG_WARN_EMPTY_BODY = YES;
				CLANG_WARN_ENUM_CONVERSION = YES;
				CLANG_WARN_INT_CONVERSION = YES;
				CLANG_WARN__DUPLICATE_METHOD_MATCH = YES;
				"CODE_SIGN_IDENTITY[sdk=iphoneos*]" = "iPhone Developer";
				COPY_PHASE_STRIP = NO;
				GCC_C_LANGUAGE_STANDARD = gnu99;
				GCC_DYNAMIC_NO_PIC = NO;
				GCC_OPTIMIZATION_LEVEL = 0;
				GCC_PREPROCESSOR_DEFINITIONS = (
					"DEBUG=1",
					"$(inherited)",
				);
				GCC_SYMBOLS_PRIVATE_EXTERN = NO;
				GCC_WARN_ABOUT_RETURN_TYPE = YES;
				GCC_WARN_UNINITIALIZED_AUTOS = YES;
				GCC_WARN_UNUSED_VARIABLE = YES;
				IPHONEOS_DEPLOYMENT_TARGET = 6.1;
				ONLY_ACTIVE_ARCH = YES;
				"OTHER_LDFLAGS[arch=*]" = "-ObjC";
				SDKROOT = iphoneos;
			};
			name = Debug;
		};
		EDC4BA53171BFDD900B78050 /* Release */ = {
			isa = XCBuildConfiguration;
			buildSettings = {
				ALWAYS_SEARCH_USER_PATHS = NO;
				CLANG_CXX_LANGUAGE_STANDARD = "gnu++0x";
				CLANG_CXX_LIBRARY = "libc++";
				CLANG_ENABLE_OBJC_ARC = YES;
				CLANG_WARN_CONSTANT_CONVERSION = YES;
				CLANG_WARN_EMPTY_BODY = YES;
				CLANG_WARN_ENUM_CONVERSION = YES;
				CLANG_WARN_INT_CONVERSION = YES;
				CLANG_WARN__DUPLICATE_METHOD_MATCH = YES;
				"CODE_SIGN_IDENTITY[sdk=iphoneos*]" = "iPhone Developer";
				COPY_PHASE_STRIP = YES;
				GCC_C_LANGUAGE_STANDARD = gnu99;
				GCC_WARN_ABOUT_RETURN_TYPE = YES;
				GCC_WARN_UNINITIALIZED_AUTOS = YES;
				GCC_WARN_UNUSED_VARIABLE = YES;
				IPHONEOS_DEPLOYMENT_TARGET = 6.1;
				OTHER_CFLAGS = "-DNS_BLOCK_ASSERTIONS=1";
				"OTHER_LDFLAGS[arch=*]" = "-ObjC";
				SDKROOT = iphoneos;
				VALIDATE_PRODUCT = YES;
			};
			name = Release;
		};
		EDC4BA55171BFDD900B78050 /* Debug */ = {
			isa = XCBuildConfiguration;
			buildSettings = {
				CODE_SIGN_IDENTITY = "iPhone Developer";
				"CODE_SIGN_IDENTITY[sdk=iphoneos*]" = "iPhone Developer";
				FRAMEWORK_SEARCH_PATHS = (
					"$(inherited)",
					"/Users/maryrose/Projects/SpotTheISS/SpotTheISS/GoogleMaps-iOS-1.5.0",
				);
				GCC_PRECOMPILE_PREFIX_HEADER = YES;
				GCC_PREFIX_HEADER = "SpotTheISS/SpotTheISS-Prefix.pch";
				INFOPLIST_FILE = "SpotTheISS/SpotTheISS-Info.plist";
				IPHONEOS_DEPLOYMENT_TARGET = 7.0;
				PRODUCT_NAME = "$(TARGET_NAME)";
				PROVISIONING_PROFILE = "";
				TARGETED_DEVICE_FAMILY = 1;
				WRAPPER_EXTENSION = app;
			};
			name = Debug;
		};
		EDC4BA56171BFDD900B78050 /* Release */ = {
			isa = XCBuildConfiguration;
			buildSettings = {
				CODE_SIGN_IDENTITY = "iPhone Developer";
				"CODE_SIGN_IDENTITY[sdk=iphoneos*]" = "iPhone Developer";
				FRAMEWORK_SEARCH_PATHS = (
					"$(inherited)",
					"/Users/maryrose/Projects/SpotTheISS/SpotTheISS/GoogleMaps-iOS-1.5.0",
				);
				GCC_PRECOMPILE_PREFIX_HEADER = YES;
				GCC_PREFIX_HEADER = "SpotTheISS/SpotTheISS-Prefix.pch";
				INFOPLIST_FILE = "SpotTheISS/SpotTheISS-Info.plist";
				IPHONEOS_DEPLOYMENT_TARGET = 7.0;
				PRODUCT_NAME = "$(TARGET_NAME)";
				PROVISIONING_PROFILE = "";
				TARGETED_DEVICE_FAMILY = 1;
				WRAPPER_EXTENSION = app;
			};
			name = Release;
		};
/* End XCBuildConfiguration section */

/* Begin XCConfigurationList section */
		EDC4BA2C171BFDD800B78050 /* Build configuration list for PBXProject "SpotTheISS" */ = {
			isa = XCConfigurationList;
			buildConfigurations = (
				EDC4BA52171BFDD900B78050 /* Debug */,
				EDC4BA53171BFDD900B78050 /* Release */,
			);
			defaultConfigurationIsVisible = 0;
			defaultConfigurationName = Release;
		};
		EDC4BA54171BFDD900B78050 /* Build configuration list for PBXNativeTarget "SpotTheISS" */ = {
			isa = XCConfigurationList;
			buildConfigurations = (
				EDC4BA55171BFDD900B78050 /* Debug */,
				EDC4BA56171BFDD900B78050 /* Release */,
			);
			defaultConfigurationIsVisible = 0;
			defaultConfigurationName = Release;
		};
/* End XCConfigurationList section */
	};
	rootObject = EDC4BA29171BFDD800B78050 /* Project object */;
}
